
Microsoft Visual Studio Solution File, Format Version 12.00
# Visual Studio 15
VisualStudioVersion = 15.0.28307.779
MinimumVisualStudioVersion = 10.0.40219.1
Project("{FAE04EC0-301F-11D3-BF4B-00C04F79EFBC}") = "WebsiteKhoaCoKhi", "WebsiteKhoaCoKhi\WebsiteKhoaCoKhi.csproj", "{0F0ACB9E-19FA-438F-B708-40E798E62E73}"
EndProject
Project("{FAE04EC0-301F-11D3-BF4B-00C04F79EFBC}") = "WebsiteKhoaCoKhi.Tests", "WebsiteKhoaCoKhi.Tests\WebsiteKhoaCoKhi.Tests.csproj", "{9424D05F-3ECC-4737-ABCA-6E86A5FA76A1}"
EndProject
Project("{FAE04EC0-301F-11D3-BF4B-00C04F79EFBC}") = "Model", "Model\Model.csproj", "{EEB5E801-B256-496D-A254-722F24D90DF6}"
EndProject
Global
	GlobalSection(SolutionConfigurationPlatforms) = preSolution
		Debug|Any CPU = Debug|Any CPU
		Release|Any CPU = Release|Any CPU
	EndGlobalSection
	GlobalSection(ProjectConfigurationPlatforms) = postSolution
		{0F0ACB9E-19FA-438F-B708-40E798E62E73}.Debug|Any CPU.ActiveCfg = Debug|Any CPU
		{0F0ACB9E-19FA-438F-B708-40E798E62E73}.Debug|Any CPU.Build.0 = Debug|Any CPU
		{0F0ACB9E-19FA-438F-B708-40E798E62E73}.Release|Any CPU.ActiveCfg = Release|Any CPU
		{0F0ACB9E-19FA-438F-B708-40E798E62E73}.Release|Any CPU.Build.0 = Release|Any CPU
		{9424D05F-3ECC-4737-ABCA-6E86A5FA76A1}.Debug|Any CPU.ActiveCfg = Debug|Any CPU
		{9424D05F-3ECC-4737-ABCA-6E86A5FA76A1}.Debug|Any CPU.Build.0 = Debug|Any CPU
		{9424D05F-3ECC-4737-ABCA-6E86A5FA76A1}.Release|Any CPU.ActiveCfg = Release|Any CPU
		{9424D05F-3ECC-4737-ABCA-6E86A5FA76A1}.Release|Any CPU.Build.0 = Release|Any CPU
		{EEB5E801-B256-496D-A254-722F24D90DF6}.Debug|Any CPU.ActiveCfg = Debug|Any CPU
		{EEB5E801-B256-496D-A254-722F24D90DF6}.Debug|Any CPU.Build.0 = Debug|Any CPU
		{EEB5E801-B256-496D-A254-722F24D90DF6}.Release|Any CPU.ActiveCfg = Release|Any CPU
		{EEB5E801-B256-496D-A254-722F24D90DF6}.Release|Any CPU.Build.0 = Release|Any CPU
	EndGlobalSection
	GlobalSection(SolutionProperties) = preSolution
		HideSolutionNode = FALSE
	EndGlobalSection
	GlobalSection(ExtensibilityGlobals) = postSolution
		SolutionGuid = {1340979C-1B33-448B-902F-0595D3068059}
	EndGlobalSection
EndGlobal
